
Microsoft Visual Studio Solution File, Format Version 12.00
# Visual Studio 15
VisualStudioVersion = 15.0.26730.16
MinimumVisualStudioVersion = 10.0.40219.1
Project("{FAE04EC0-301F-11D3-BF4B-00C04F79EFBC}") = "Produkcja elektroniki raporty", "KontrolaWizualnaRaport\Produkcja elektroniki raporty.csproj", "{6E1A1896-8976-4D48-B93A-DEF7B5C5818D}"
EndProject
Project("{FAE04EC0-301F-11D3-BF4B-00C04F79EFBC}") = "MST.MES", "..\MST.MES\MST.MES\MST.MES.csproj", "{3A75370E-11B7-4582-A6AF-73CAF3A9E997}"
EndProject
Global
	GlobalSection(SolutionConfigurationPlatforms) = preSolution
		Debug|Any CPU = Debug|Any CPU
		Release|Any CPU = Release|Any CPU
	EndGlobalSection
	GlobalSection(ProjectConfigurationPlatforms) = postSolution
		{6E1A1896-8976-4D48-B93A-DEF7B5C5818D}.Debug|Any CPU.ActiveCfg = Debug|Any CPU
		{6E1A1896-8976-4D48-B93A-DEF7B5C5818D}.Debug|Any CPU.Build.0 = Debug|Any CPU
		{6E1A1896-8976-4D48-B93A-DEF7B5C5818D}.Release|Any CPU.ActiveCfg = Release|Any CPU
		{6E1A1896-8976-4D48-B93A-DEF7B5C5818D}.Release|Any CPU.Build.0 = Release|Any CPU
		{3A75370E-11B7-4582-A6AF-73CAF3A9E997}.Debug|Any CPU.ActiveCfg = Debug|Any CPU
		{3A75370E-11B7-4582-A6AF-73CAF3A9E997}.Debug|Any CPU.Build.0 = Debug|Any CPU
		{3A75370E-11B7-4582-A6AF-73CAF3A9E997}.Release|Any CPU.ActiveCfg = Release|Any CPU
		{3A75370E-11B7-4582-A6AF-73CAF3A9E997}.Release|Any CPU.Build.0 = Release|Any CPU
	EndGlobalSection
	GlobalSection(SolutionProperties) = preSolution
		HideSolutionNode = FALSE
	EndGlobalSection
	GlobalSection(ExtensibilityGlobals) = postSolution
		SolutionGuid = {6DA950CC-22A9-491B-90D5-313050476EDD}
	EndGlobalSection
EndGlobal
